<?xml version="1.0" encoding="utf-8"?>
<Project ToolsVersion="4.0" xmlns="http://schemas.microsoft.com/developer/msbuild/2003">
  <ItemGroup>
    <Filter Include="Source Files">
      <UniqueIdentifier>{4FC737F1-C7A5-4376-A066-2A32D752A2FF}</UniqueIdentifier>
      <Extensions>cpp;c;cc;cxx;def;odl;idl;hpj;bat;asm;asmx</Extensions>
    </Filter>
    <Filter Include="Header Files">
      <UniqueIdentifier>{93995380-89BD-4b04-88EB-625FBE52EBFB}</UniqueIdentifier>
      <Extensions>h;hh;hpp;hxx;hm;inl;inc;xsd</Extensions>
    </Filter>
    <Filter Include="Resource Files">
      <UniqueIdentifier>{67DA6AB6-F800-4c08-8B7A-83BB121AAD01}</UniqueIdentifier>
      <Extensions>rc;ico;cur;bmp;dlg;rc2;rct;bin;rgs;gif;jpg;jpeg;jpe;resx;tiff;tif;png;wav;mfcribbon-ms</Extensions>
    </Filter>
    <Filter Include="#Unused">
      <UniqueIdentifier>{24629750-ffd5-4705-bad8-0be862729147}</UniqueIdentifier>
    </Filter>
    <Filter Include="Shaders">
      <UniqueIdentifier>{da5af853-f8b6-4a71-bf24-78a15074f14f}</UniqueIdentifier>
    </Filter>
  </ItemGroup>
  <ItemGroup>
    <None Include="LightingPassVS.glsl">
      <Filter>Shaders</Filter>
    </None>
    <None Include="LightingPassFS.glsl">
      <Filter>Shaders</Filter>
    </None>
    <None Include="GeometryShader.glsl">
      <Filter>#Unused</Filter>
    </None>
    <None Include="GeometryPassVS.glsl">
      <Filter>Shaders</Filter>
    </None>
    <None Include="GeometryPassFS.glsl">
      <Filter>Shaders</Filter>
    </None>
    <None Include="TerrainFS.glsl">
      <Filter>Shaders</Filter>
    </None>
    <None Include="TerrainVS.glsl">
      <Filter>Shaders</Filter>
    </None>
    <None Include="TerrainGS.glsl">
      <Filter>Shaders</Filter>
    </None>
    <None Include="ShadowFS.glsl">
      <Filter>Shaders</Filter>
    </None>
    <None Include="ShadowVS.glsl">
      <Filter>Shaders</Filter>
    </None>
    <None Include="DebugDepthFS.glsl">
      <Filter>Shaders</Filter>
    </None>
    <None Include="DebugDepthVS.glsl">
      <Filter>Shaders</Filter>
    </None>
    <None Include="FrustumFS.glsl">
      <Filter>#Unused</Filter>
    </None>
    <None Include="FrustumGS.glsl">
      <Filter>#Unused</Filter>
    </None>
    <None Include="FrustumVS.glsl">
      <Filter>#Unused</Filter>
    </None>
    <None Include="GeometryPassGS.glsl">
      <Filter>Shaders</Filter>
    </None>
    <None Include="GaussFS.glsl">
      <Filter>Shaders</Filter>
    </None>
    <None Include="GaussVS.glsl">
      <Filter>Shaders</Filter>
    </None>
    <None Include="MergeFS.glsl">
      <Filter>Shaders</Filter>
    </None>
    <None Include="MergeVS.glsl">
      <Filter>Shaders</Filter>
    </None>
    <None Include="ShadowDepthFS.glsl">
      <Filter>#Unused</Filter>
    </None>
    <None Include="ShadowDepthVS.glsl">
      <Filter>#Unused</Filter>
    </None>
  </ItemGroup>
  <ItemGroup>
    <ClCompile Include="main.cpp">
      <Filter>Source Files</Filter>
    </ClCompile>
    <ClCompile Include="..\Include\glad\src\glad.c">
      <Filter>Source Files</Filter>
    </ClCompile>
    <ClCompile Include="Camera.cpp">
      <Filter>Source Files</Filter>
    </ClCompile>
    <ClCompile Include="ShaderCreater.cpp">
      <Filter>Source Files</Filter>
    </ClCompile>
    <ClCompile Include="Mesh.cpp">
      <Filter>Source Files</Filter>
    </ClCompile>
    <ClCompile Include="Model.cpp">
      <Filter>#Unused</Filter>
    </ClCompile>
    <ClCompile Include="Object.cpp">
      <Filter>Source Files</Filter>
    </ClCompile>
    <ClCompile Include="OBJLoader.cpp">
      <Filter>Source Files</Filter>
    </ClCompile>
    <ClCompile Include="Terrain.cpp">
      <Filter>Source Files</Filter>
    </ClCompile>
  </ItemGroup>
  <ItemGroup>
    <ClInclude Include="Camera.h">
      <Filter>Header Files</Filter>
    </ClInclude>
    <ClInclude Include="Defines.h">
      <Filter>Header Files</Filter>
    </ClInclude>
    <ClInclude Include="ShaderCreater.h">
      <Filter>Header Files</Filter>
    </ClInclude>
    <ClInclude Include="Mesh.h">
      <Filter>Header Files</Filter>
    </ClInclude>
    <ClInclude Include="OBJLoader.h">
      <Filter>Header Files</Filter>
    </ClInclude>
    <ClInclude Include="Object.h">
      <Filter>Header Files</Filter>
    </ClInclude>
    <ClInclude Include="Model.h">
      <Filter>#Unused</Filter>
    </ClInclude>
    <ClInclude Include="..\Include\stb_image\stb_image.h">
      <Filter>#Unused</Filter>
    </ClInclude>
    <ClInclude Include="Terrain.h">
      <Filter>Header Files</Filter>
    </ClInclude>
  </ItemGroup>
</Project>